
Microsoft Visual Studio Solution File, Format Version 12.00
# Visual Studio Version 17
VisualStudioVersion = 17.4.33213.308
MinimumVisualStudioVersion = 10.0.40219.1
Project("{FAE04EC0-301F-11D3-BF4B-00C04F79EFBC}") = "FirstAPI", "FirstAPI\FirstAPI.csproj", "{B03D159D-BFD7-4446-A12C-2B81F5235296}"
EndProject
Project("{FAE04EC0-301F-11D3-BF4B-00C04F79EFBC}") = "BLL", "BLL\BLL.csproj", "{F987D8B2-3724-4FC1-B443-2A6B12742D40}"
EndProject
Project("{FAE04EC0-301F-11D3-BF4B-00C04F79EFBC}") = "DAL", "DAL\DAL.csproj", "{ACFBA89C-6BC4-4B42-A056-533337CA20F7}"
EndProject
Global
	GlobalSection(SolutionConfigurationPlatforms) = preSolution
		Debug|Any CPU = Debug|Any CPU
		Release|Any CPU = Release|Any CPU
	EndGlobalSection
	GlobalSection(ProjectConfigurationPlatforms) = postSolution
		{B03D159D-BFD7-4446-A12C-2B81F5235296}.Debug|Any CPU.ActiveCfg = Debug|Any CPU
		{B03D159D-BFD7-4446-A12C-2B81F5235296}.Debug|Any CPU.Build.0 = Debug|Any CPU
		{B03D159D-BFD7-4446-A12C-2B81F5235296}.Release|Any CPU.ActiveCfg = Release|Any CPU
		{B03D159D-BFD7-4446-A12C-2B81F5235296}.Release|Any CPU.Build.0 = Release|Any CPU
		{F987D8B2-3724-4FC1-B443-2A6B12742D40}.Debug|Any CPU.ActiveCfg = Debug|Any CPU
		{F987D8B2-3724-4FC1-B443-2A6B12742D40}.Debug|Any CPU.Build.0 = Debug|Any CPU
		{F987D8B2-3724-4FC1-B443-2A6B12742D40}.Release|Any CPU.ActiveCfg = Release|Any CPU
		{F987D8B2-3724-4FC1-B443-2A6B12742D40}.Release|Any CPU.Build.0 = Release|Any CPU
		{ACFBA89C-6BC4-4B42-A056-533337CA20F7}.Debug|Any CPU.ActiveCfg = Debug|Any CPU
		{ACFBA89C-6BC4-4B42-A056-533337CA20F7}.Debug|Any CPU.Build.0 = Debug|Any CPU
		{ACFBA89C-6BC4-4B42-A056-533337CA20F7}.Release|Any CPU.ActiveCfg = Release|Any CPU
		{ACFBA89C-6BC4-4B42-A056-533337CA20F7}.Release|Any CPU.Build.0 = Release|Any CPU
	EndGlobalSection
	GlobalSection(SolutionProperties) = preSolution
		HideSolutionNode = FALSE
	EndGlobalSection
	GlobalSection(ExtensibilityGlobals) = postSolution
		SolutionGuid = {490CDFA6-216C-4E35-89FE-4C4FC09A0080}
	EndGlobalSection
EndGlobal
